
Microsoft Visual Studio Solution File, Format Version 12.00
# Visual Studio Version 17
VisualStudioVersion = 17.12.35506.116 d17.12
MinimumVisualStudioVersion = 10.0.40219.1
Project("{FAE04EC0-301F-11D3-BF4B-00C04F79EFBC}") = "Topic 3 - Assignment", "Topic 3 - Assignment.csproj", "{DEFC224F-6F70-4D00-86F4-5F1D72DA8D9F}"
EndProject
Global
	GlobalSection(SolutionConfigurationPlatforms) = preSolution
		Debug|Any CPU = Debug|Any CPU
		Release|Any CPU = Release|Any CPU
	EndGlobalSection
	GlobalSection(ProjectConfigurationPlatforms) = postSolution
		{DEFC224F-6F70-4D00-86F4-5F1D72DA8D9F}.Debug|Any CPU.ActiveCfg = Debug|Any CPU
		{DEFC224F-6F70-4D00-86F4-5F1D72DA8D9F}.Debug|Any CPU.Build.0 = Debug|Any CPU
		{DEFC224F-6F70-4D00-86F4-5F1D72DA8D9F}.Release|Any CPU.ActiveCfg = Release|Any CPU
		{DEFC224F-6F70-4D00-86F4-5F1D72DA8D9F}.Release|Any CPU.Build.0 = Release|Any CPU
	EndGlobalSection
	GlobalSection(SolutionProperties) = preSolution
		HideSolutionNode = FALSE
	EndGlobalSection
EndGlobal
